// !$*UTF8*$!
{
	archiveVersion = 1;
	classes = {
	};
	objectVersion = 48;
	objects = {

/* Begin PBXBuildFile section */
		C528660020C9F6D200EC329E /* homepageViewController.swift in Sources */ = {isa = PBXBuildFile; fileRef = C52865FF20C9F6D200EC329E /* homepageViewController.swift */; };
		C528660220C9F8B700EC329E /* graphsViewController.swift in Sources */ = {isa = PBXBuildFile; fileRef = C528660120C9F8B700EC329E /* graphsViewController.swift */; };
		C531A00120C6206300F424B1 /* AppDelegate.swift in Sources */ = {isa = PBXBuildFile; fileRef = C531A00020C6206300F424B1 /* AppDelegate.swift */; };
		C531A00320C6206300F424B1 /* ViewController.swift in Sources */ = {isa = PBXBuildFile; fileRef = C531A00220C6206300F424B1 /* ViewController.swift */; };
		C531A00620C6206300F424B1 /* Main.storyboard in Resources */ = {isa = PBXBuildFile; fileRef = C531A00420C6206300F424B1 /* Main.storyboard */; };
		C531A00820C6206300F424B1 /* Assets.xcassets in Resources */ = {isa = PBXBuildFile; fileRef = C531A00720C6206300F424B1 /* Assets.xcassets */; };
		C531A00B20C6206300F424B1 /* LaunchScreen.storyboard in Resources */ = {isa = PBXBuildFile; fileRef = C531A00920C6206300F424B1 /* LaunchScreen.storyboard */; };
/* End PBXBuildFile section */

/* Begin PBXFileReference section */
		C52865FF20C9F6D200EC329E /* homepageViewController.swift */ = {isa = PBXFileReference; lastKnownFileType = sourcecode.swift; path = homepageViewController.swift; sourceTree = "<group>"; };
		C528660120C9F8B700EC329E /* graphsViewController.swift */ = {isa = PBXFileReference; lastKnownFileType = sourcecode.swift; path = graphsViewController.swift; sourceTree = "<group>"; };
		C5319FFD20C6206300F424B1 /* Valuqo App1.app */ = {isa = PBXFileReference; explicitFileType = wrapper.application; includeInIndex = 0; path = "Valuqo App1.app"; sourceTree = BUILT_PRODUCTS_DIR; };
		C531A00020C6206300F424B1 /* AppDelegate.swift */ = {isa = PBXFileReference; lastKnownFileType = sourcecode.swift; path = AppDelegate.swift; sourceTree = "<group>"; };
		C531A00220C6206300F424B1 /* ViewController.swift */ = {isa = PBXFileReference; lastKnownFileType = sourcecode.swift; path = ViewController.swift; sourceTree = "<group>"; };
		C531A00520C6206300F424B1 /* Base */ = {isa = PBXFileReference; lastKnownFileType = file.storyboard; name = Base; path = Base.lproj/Main.storyboard; sourceTree = "<group>"; };
		C531A00720C6206300F424B1 /* Assets.xcassets */ = {isa = PBXFileReference; lastKnownFileType = folder.assetcatalog; path = Assets.xcassets; sourceTree = "<group>"; };
		C531A00A20C6206300F424B1 /* Base */ = {isa = PBXFileReference; lastKnownFileType = file.storyboard; name = Base; path = Base.lproj/LaunchScreen.storyboard; sourceTree = "<group>"; };
		C531A00C20C6206300F424B1 /* Info.plist */ = {isa = PBXFileReference; lastKnownFileType = text.plist.xml; path = Info.plist; sourceTree = "<group>"; };
/* End PBXFileReference section */

/* Begin PBXFrameworksBuildPhase section */
		C5319FFA20C6206300F424B1 /* Frameworks */ = {
			isa = PBXFrameworksBuildPhase;
			buildActionMask = 2147483647;
			files = (
			);
			runOnlyForDeploymentPostprocessing = 0;
		};
/* End PBXFrameworksBuildPhase section */

/* Begin PBXGroup section */
		C5319FF420C6206300F424B1 = {
			isa = PBXGroup;
			children = (
				C5319FFF20C6206300F424B1 /* Valuqo App1 */,
				C5319FFE20C6206300F424B1 /* Products */,
			);
			sourceTree = "<group>";
		};
		C5319FFE20C6206300F424B1 /* Products */ = {
			isa = PBXGroup;
			children = (
				C5319FFD20C6206300F424B1 /* Valuqo App1.app */,
			);
			name = Products;
			sourceTree = "<group>";
		};
		C5319FFF20C6206300F424B1 /* Valuqo App1 */ = {
			isa = PBXGroup;
			children = (
				C531A00020C6206300F424B1 /* AppDelegate.swift */,
				C531A00220C6206300F424B1 /* ViewController.swift */,
				C52865FF20C9F6D200EC329E /* homepageViewController.swift */,
				C528660120C9F8B700EC329E /* graphsViewController.swift */,
				C531A00420C6206300F424B1 /* Main.storyboard */,
				C531A00720C6206300F424B1 /* Assets.xcassets */,
				C531A00920C6206300F424B1 /* LaunchScreen.storyboard */,
				C531A00C20C6206300F424B1 /* Info.plist */,
			);
			path = "Valuqo App1";
			sourceTree = "<group>";
		};
/* End PBXGroup section */

/* Begin PBXNativeTarget section */
		C5319FFC20C6206300F424B1 /* Valuqo App1 */ = {
			isa = PBXNativeTarget;
			buildConfigurationList = C531A00F20C6206300F424B1 /* Build configuration list for PBXNativeTarget "Valuqo App1" */;
			buildPhases = (
				C5319FF920C6206300F424B1 /* Sources */,
				C5319FFA20C6206300F424B1 /* Frameworks */,
				C5319FFB20C6206300F424B1 /* Resources */,
			);
			buildRules = (
			);
			dependencies = (
			);
			name = "Valuqo App1";
			productName = "Valuqo App1";
			productReference = C5319FFD20C6206300F424B1 /* Valuqo App1.app */;
			productType = "com.apple.product-type.application";
		};
/* End PBXNativeTarget section */

/* Begin PBXProject section */
		C5319FF520C6206300F424B1 /* Project object */ = {
			isa = PBXProject;
			attributes = {
				LastSwiftUpdateCheck = 0920;
				LastUpgradeCheck = 0920;
				ORGANIZATIONNAME = Valuqo;
				TargetAttributes = {
					C5319FFC20C6206300F424B1 = {
						CreatedOnToolsVersion = 9.2;
						ProvisioningStyle = Automatic;
					};
				};
			};
			buildConfigurationList = C5319FF820C6206300F424B1 /* Build configuration list for PBXProject "Valuqo App1" */;
			compatibilityVersion = "Xcode 8.0";
			developmentRegion = en;
			hasScannedForEncodings = 0;
			knownRegions = (
				en,
				Base,
			);
			mainGroup = C5319FF420C6206300F424B1;
			productRefGroup = C5319FFE20C6206300F424B1 /* Products */;
			projectDirPath = "";
			projectRoot = "";
			targets = (
				C5319FFC20C6206300F424B1 /* Valuqo App1 */,
			);
		};
/* End PBXProject section */

/* Begin PBXResourcesBuildPhase section */
		C5319FFB20C6206300F424B1 /* Resources */ = {
			isa = PBXResourcesBuildPhase;
			buildActionMask = 2147483647;
			files = (
				C531A00B20C6206300F424B1 /* LaunchScreen.storyboard in Resources */,
				C531A00820C6206300F424B1 /* Assets.xcassets in Resources */,
				C531A00620C6206300F424B1 /* Main.storyboard in Resources */,
			);
			runOnlyForDeploymentPostprocessing = 0;
		};
/* End PBXResourcesBuildPhase section */

/* Begin PBXSourcesBuildPhase section */
		C5319FF920C6206300F424B1 /* Sources */ = {
			isa = PBXSourcesBuildPhase;
			buildActionMask = 2147483647;
			files = (
				C528660020C9F6D200EC329E /* homepageViewController.swift in Sources */,
				C528660220C9F8B700EC329E /* graphsViewController.swift in Sources */,
				C531A00320C6206300F424B1 /* ViewController.swift in Sources */,
				C531A00120C6206300F424B1 /* AppDelegate.swift in Sources */,
			);
			runOnlyForDeploymentPostprocessing = 0;
		};
/* End PBXSourcesBuildPhase section */

/* Begin PBXVariantGroup section */
		C531A00420C6206300F424B1 /* Main.storyboard */ = {
			isa = PBXVariantGroup;
			children = (
				C531A00520C6206300F424B1 /* Base */,
			);
			name = Main.storyboard;
			sourceTree = "<group>";
		};
		C531A00920C6206300F424B1 /* LaunchScreen.storyboard */ = {
			isa = PBXVariantGroup;
			children = (
				C531A00A20C6206300F424B1 /* Base */,
			);
			name = LaunchScreen.storyboard;
			sourceTree = "<group>";
		};
/* End PBXVariantGroup section */

/* Begin XCBuildConfiguration section */
		C531A00D20C6206300F424B1 /* Debug */ = {
			isa = XCBuildConfiguration;
			buildSettings = {
				ALWAYS_SEARCH_USER_PATHS = NO;
				CLANG_ANALYZER_NONNULL = YES;
				CLANG_ANALYZER_NUMBER_OBJECT_CONVERSION = YES_AGGRESSIVE;
				CLANG_CXX_LANGUAGE_STANDARD = "gnu++14";
				CLANG_CXX_LIBRARY = "libc++";
				CLANG_ENABLE_MODULES = YES;
				CLANG_ENABLE_OBJC_ARC = YES;
				CLANG_WARN_BLOCK_CAPTURE_AUTORELEASING = YES;
				CLANG_WARN_BOOL_CONVERSION = YES;
				CLANG_WARN_COMMA = YES;
				CLANG_WARN_CONSTANT_CONVERSION = YES;
				CLANG_WARN_DIRECT_OBJC_ISA_USAGE = YES_ERROR;
				CLANG_WARN_DOCUMENTATION_COMMENTS = YES;
				CLANG_WARN_EMPTY_BODY = YES;
				CLANG_WARN_ENUM_CONVERSION = YES;
				CLANG_WARN_INFINITE_RECURSION = YES;
				CLANG_WARN_INT_CONVERSION = YES;
				CLANG_WARN_NON_LITERAL_NULL_CONVERSION = YES;
				CLANG_WARN_OBJC_LITERAL_CONVERSION = YES;
				CLANG_WARN_OBJC_ROOT_CLASS = YES_ERROR;
				CLANG_WARN_RANGE_LOOP_ANALYSIS = YES;
				CLANG_WARN_STRICT_PROTOTYPES = YES;
				CLANG_WARN_SUSPICIOUS_MOVE = YES;
				CLANG_WARN_UNGUARDED_AVAILABILITY = YES_AGGRESSIVE;
				CLANG_WARN_UNREACHABLE_CODE = YES;
				CLANG_WARN__DUPLICATE_METHOD_MATCH = YES;
				CODE_SIGN_IDENTITY = "iPhone Developer";
				COPY_PHASE_STRIP = NO;
				DEBUG_INFORMATION_FORMAT = dwarf;
				ENABLE_STRICT_OBJC_MSGSEND = YES;
				ENABLE_TESTABILITY = YES;
				GCC_C_LANGUAGE_STANDARD = gnu11;
				GCC_DYNAMIC_NO_PIC = NO;
				GCC_NO_COMMON_BLOCKS = YES;
				GCC_OPTIMIZATION_LEVEL = 0;
				GCC_PREPROCESSOR_DEFINITIONS = (
					"DEBUG=1",
					"$(inherited)",
				);
				GCC_WARN_64_TO_32_BIT_CONVERSION = YES;
				GCC_WARN_ABOUT_RETURN_TYPE = YES_ERROR;
				GCC_WARN_UNDECLARED_SELECTOR = YES;
				GCC_WARN_UNINITIALIZED_AUTOS = YES_AGGRESSIVE;
				GCC_WARN_UNUSED_FUNCTION = YES;
				GCC_WARN_UNUSED_VARIABLE = YES;
				IPHONEOS_DEPLOYMENT_TARGET = 11.2;
				MTL_ENABLE_DEBUG_INFO = YES;
				ONLY_ACTIVE_ARCH = YES;
				SDKROOT = iphoneos;
				SWIFT_ACTIVE_COMPILATION_CONDITIONS = DEBUG;
				SWIFT_OPTIMIZATION_LEVEL = "-Onone";
			};
			name = Debug;
		};
		C531A00E20C6206300F424B1 /* Release */ = {
			isa = XCBuildConfiguration;
			buildSettings = {
				ALWAYS_SEARCH_USER_PATHS = NO;
				CLANG_ANALYZER_NONNULL = YES;
				CLANG_ANALYZER_NUMBER_OBJECT_CONVERSION = YES_AGGRESSIVE;
				CLANG_CXX_LANGUAGE_STANDARD = "gnu++14";
				CLANG_CXX_LIBRARY = "libc++";
				CLANG_ENABLE_MODULES = YES;
				CLANG_ENABLE_OBJC_ARC = YES;
				CLANG_WARN_BLOCK_CAPTURE_AUTORELEASING = YES;
				CLANG_WARN_BOOL_CONVERSION = YES;
				CLANG_WARN_COMMA = YES;
				CLANG_WARN_CONSTANT_CONVERSION = YES;
				CLANG_WARN_DIRECT_OBJC_ISA_USAGE = YES_ERROR;
				CLANG_WARN_DOCUMENTATION_COMMENTS = YES;
				CLANG_WARN_EMPTY_BODY = YES;
				CLANG_WARN_ENUM_CONVERSION = YES;
				CLANG_WARN_INFINITE_RECURSION = YES;
				CLANG_WARN_INT_CONVERSION = YES;
				CLANG_WARN_NON_LITERAL_NULL_CONVERSION = YES;
				CLANG_WARN_OBJC_LITERAL_CONVERSION = YES;
				CLANG_WARN_OBJC_ROOT_CLASS = YES_ERROR;
				CLANG_WARN_RANGE_LOOP_ANALYSIS = YES;
				CLANG_WARN_STRICT_PROTOTYPES = YES;
				CLANG_WARN_SUSPICIOUS_MOVE = YES;
				CLANG_WARN_UNGUARDED_AVAILABILITY = YES_AGGRESSIVE;
				CLANG_WARN_UNREACHABLE_CODE = YES;
				CLANG_WARN__DUPLICATE_METHOD_MATCH = YES;
				CODE_SIGN_IDENTITY = "iPhone Developer";
				COPY_PHASE_STRIP = NO;
				DEBUG_INFORMATION_FORMAT = "dwarf-with-dsym";
				ENABLE_NS_ASSERTIONS = NO;
				ENABLE_STRICT_OBJC_MSGSEND = YES;
				GCC_C_LANGUAGE_STANDARD = gnu11;
				GCC_NO_COMMON_BLOCKS = YES;
				GCC_WARN_64_TO_32_BIT_CONVERSION = YES;
				GCC_WARN_ABOUT_RETURN_TYPE = YES_ERROR;
				GCC_WARN_UNDECLARED_SELECTOR = YES;
				GCC_WARN_UNINITIALIZED_AUTOS = YES_AGGRESSIVE;
				GCC_WARN_UNUSED_FUNCTION = YES;
				GCC_WARN_UNUSED_VARIABLE = YES;
				IPHONEOS_DEPLOYMENT_TARGET = 11.2;
				MTL_ENABLE_DEBUG_INFO = NO;
				SDKROOT = iphoneos;
				SWIFT_OPTIMIZATION_LEVEL = "-Owholemodule";
				VALIDATE_PRODUCT = YES;
			};
			name = Release;
		};
		C531A01020C6206300F424B1 /* Debug */ = {
			isa = XCBuildConfiguration;
			buildSettings = {
				ASSETCATALOG_COMPILER_APPICON_NAME = AppIcon;
				CODE_SIGN_STYLE = Automatic;
				INFOPLIST_FILE = "Valuqo App1/Info.plist";
				IPHONEOS_DEPLOYMENT_TARGET = 11.2;
				LD_RUNPATH_SEARCH_PATHS = "$(inherited) @executable_path/Frameworks";
				PRODUCT_BUNDLE_IDENTIFIER = "com.Valuqo-App1";
				PRODUCT_NAME = "$(TARGET_NAME)";
				SWIFT_VERSION = 4.0;
				TARGETED_DEVICE_FAMILY = 1;
			};
			name = Debug;
		};
		C531A01120C6206300F424B1 /* Release */ = {
			isa = XCBuildConfiguration;
			buildSettings = {
				ASSETCATALOG_COMPILER_APPICON_NAME = AppIcon;
				CODE_SIGN_STYLE = Automatic;
				INFOPLIST_FILE = "Valuqo App1/Info.plist";
				IPHONEOS_DEPLOYMENT_TARGET = 11.2;
				LD_RUNPATH_SEARCH_PATHS = "$(inherited) @executable_path/Frameworks";
				PRODUCT_BUNDLE_IDENTIFIER = "com.Valuqo-App1";
				PRODUCT_NAME = "$(TARGET_NAME)";
				SWIFT_VERSION = 4.0;
				TARGETED_DEVICE_FAMILY = 1;
			};
			name = Release;
		};
/* End XCBuildConfiguration section */

/* Begin XCConfigurationList section */
		C5319FF820C6206300F424B1 /* Build configuration list for PBXProject "Valuqo App1" */ = {
			isa = XCConfigurationList;
			buildConfigurations = (
				C531A00D20C6206300F424B1 /* Debug */,
				C531A00E20C6206300F424B1 /* Release */,
			);
			defaultConfigurationIsVisible = 0;
			defaultConfigurationName = Release;
		};
		C531A00F20C6206300F424B1 /* Build configuration list for PBXNativeTarget "Valuqo App1" */ = {
			isa = XCConfigurationList;
			buildConfigurations = (
				C531A01020C6206300F424B1 /* Debug */,
				C531A01120C6206300F424B1 /* Release */,
			);
			defaultConfigurationIsVisible = 0;
			defaultConfigurationName = Release;
		};
/* End XCConfigurationList section */
	};
	rootObject = C5319FF520C6206300F424B1 /* Project object */;
}
